// !$*UTF8*$!
{
	archiveVersion = 1;
	classes = {
	};
	objectVersion = 46;
	objects = {

/* Begin PBXBuildFile section */
		4D04E7721C102F7C00A7DCE7 /* main.m in Sources */ = {isa = PBXBuildFile; fileRef = 4D04E7711C102F7C00A7DCE7 /* main.m */; };
		4D04E7751C102F7C00A7DCE7 /* AppDelegate.m in Sources */ = {isa = PBXBuildFile; fileRef = 4D04E7741C102F7C00A7DCE7 /* AppDelegate.m */; };
		4D04E7781C102F7C00A7DCE7 /* ViewController.m in Sources */ = {isa = PBXBuildFile; fileRef = 4D04E7771C102F7C00A7DCE7 /* ViewController.m */; };
		4D04E77B1C102F7C00A7DCE7 /* Main.storyboard in Resources */ = {isa = PBXBuildFile; fileRef = 4D04E7791C102F7C00A7DCE7 /* Main.storyboard */; };
		4D04E77D1C102F7C00A7DCE7 /* Assets.xcassets in Resources */ = {isa = PBXBuildFile; fileRef = 4D04E77C1C102F7C00A7DCE7 /* Assets.xcassets */; };
		4D04E7801C102F7C00A7DCE7 /* LaunchScreen.storyboard in Resources */ = {isa = PBXBuildFile; fileRef = 4D04E77E1C102F7C00A7DCE7 /* LaunchScreen.storyboard */; };
		4D04E78B1C102F7C00A7DCE7 /* CourseListTests.m in Sources */ = {isa = PBXBuildFile; fileRef = 4D04E78A1C102F7C00A7DCE7 /* CourseListTests.m */; };
		4D04E7961C102F7C00A7DCE7 /* CourseListUITests.m in Sources */ = {isa = PBXBuildFile; fileRef = 4D04E7951C102F7C00A7DCE7 /* CourseListUITests.m */; };
		4DAF3C481C118F7100FE4396 /* CourseModel.m in Sources */ = {isa = PBXBuildFile; fileRef = 4DAF3C471C118F7100FE4396 /* CourseModel.m */; };
		4DE2B2481C15BBC10000695D /* GWPCourseListView.m in Sources */ = {isa = PBXBuildFile; fileRef = 4DE2B2471C15BBC10000695D /* GWPCourseListView.m */; };
/* End PBXBuildFile section */

/* Begin PBXContainerItemProxy section */
		4D04E7871C102F7C00A7DCE7 /* PBXContainerItemProxy */ = {
			isa = PBXContainerItemProxy;
			containerPortal = 4D04E7651C102F7C00A7DCE7 /* Project object */;
			proxyType = 1;
			remoteGlobalIDString = 4D04E76C1C102F7C00A7DCE7;
			remoteInfo = CourseList;
		};
		4D04E7921C102F7C00A7DCE7 /* PBXContainerItemProxy */ = {
			isa = PBXContainerItemProxy;
			containerPortal = 4D04E7651C102F7C00A7DCE7 /* Project object */;
			proxyType = 1;
			remoteGlobalIDString = 4D04E76C1C102F7C00A7DCE7;
			remoteInfo = CourseList;
		};
/* End PBXContainerItemProxy section */

/* Begin PBXFileReference section */
		4D04E76D1C102F7C00A7DCE7 /* CourseList.app */ = {isa = PBXFileReference; explicitFileType = wrapper.application; includeInIndex = 0; path = CourseList.app; sourceTree = BUILT_PRODUCTS_DIR; };
		4D04E7711C102F7C00A7DCE7 /* main.m */ = {isa = PBXFileReference; lastKnownFileType = sourcecode.c.objc; path = main.m; sourceTree = "<group>"; };
		4D04E7731C102F7C00A7DCE7 /* AppDelegate.h */ = {isa = PBXFileReference; lastKnownFileType = sourcecode.c.h; path = AppDelegate.h; sourceTree = "<group>"; };
		4D04E7741C102F7C00A7DCE7 /* AppDelegate.m */ = {isa = PBXFileReference; lastKnownFileType = sourcecode.c.objc; path = AppDelegate.m; sourceTree = "<group>"; };
		4D04E7761C102F7C00A7DCE7 /* ViewController.h */ = {isa = PBXFileReference; lastKnownFileType = sourcecode.c.h; path = ViewController.h; sourceTree = "<group>"; };
		4D04E7771C102F7C00A7DCE7 /* ViewController.m */ = {isa = PBXFileReference; lastKnownFileType = sourcecode.c.objc; path = ViewController.m; sourceTree = "<group>"; };
		4D04E77A1C102F7C00A7DCE7 /* Base */ = {isa = PBXFileReference; lastKnownFileType = file.storyboard; name = Base; path = Base.lproj/Main.storyboard; sourceTree = "<group>"; };
		4D04E77C1C102F7C00A7DCE7 /* Assets.xcassets */ = {isa = PBXFileReference; lastKnownFileType = folder.assetcatalog; path = Assets.xcassets; sourceTree = "<group>"; };
		4D04E77F1C102F7C00A7DCE7 /* Base */ = {isa = PBXFileReference; lastKnownFileType = file.storyboard; name = Base; path = Base.lproj/LaunchScreen.storyboard; sourceTree = "<group>"; };
		4D04E7811C102F7C00A7DCE7 /* Info.plist */ = {isa = PBXFileReference; lastKnownFileType = text.plist.xml; path = Info.plist; sourceTree = "<group>"; };
		4D04E7861C102F7C00A7DCE7 /* CourseListTests.xctest */ = {isa = PBXFileReference; explicitFileType = wrapper.cfbundle; includeInIndex = 0; path = CourseListTests.xctest; sourceTree = BUILT_PRODUCTS_DIR; };
		4D04E78A1C102F7C00A7DCE7 /* CourseListTests.m */ = {isa = PBXFileReference; lastKnownFileType = sourcecode.c.objc; path = CourseListTests.m; sourceTree = "<group>"; };
		4D04E78C1C102F7C00A7DCE7 /* Info.plist */ = {isa = PBXFileReference; lastKnownFileType = text.plist.xml; path = Info.plist; sourceTree = "<group>"; };
		4D04E7911C102F7C00A7DCE7 /* CourseListUITests.xctest */ = {isa = PBXFileReference; explicitFileType = wrapper.cfbundle; includeInIndex = 0; path = CourseListUITests.xctest; sourceTree = BUILT_PRODUCTS_DIR; };
		4D04E7951C102F7C00A7DCE7 /* CourseListUITests.m */ = {isa = PBXFileReference; lastKnownFileType = sourcecode.c.objc; path = CourseListUITests.m; sourceTree = "<group>"; };
		4D04E7971C102F7C00A7DCE7 /* Info.plist */ = {isa = PBXFileReference; lastKnownFileType = text.plist.xml; path = Info.plist; sourceTree = "<group>"; };
		4DAF3C461C118F7100FE4396 /* CourseModel.h */ = {isa = PBXFileReference; fileEncoding = 4; lastKnownFileType = sourcecode.c.h; path = CourseModel.h; sourceTree = "<group>"; };
		4DAF3C471C118F7100FE4396 /* CourseModel.m */ = {isa = PBXFileReference; fileEncoding = 4; lastKnownFileType = sourcecode.c.objc; path = CourseModel.m; sourceTree = "<group>"; };
		4DE2B2461C15BBC10000695D /* GWPCourseListView.h */ = {isa = PBXFileReference; fileEncoding = 4; lastKnownFileType = sourcecode.c.h; path = GWPCourseListView.h; sourceTree = "<group>"; };
		4DE2B2471C15BBC10000695D /* GWPCourseListView.m */ = {isa = PBXFileReference; fileEncoding = 4; lastKnownFileType = sourcecode.c.objc; path = GWPCourseListView.m; sourceTree = "<group>"; };
/* End PBXFileReference section */

/* Begin PBXFrameworksBuildPhase section */
		4D04E76A1C102F7C00A7DCE7 /* Frameworks */ = {
			isa = PBXFrameworksBuildPhase;
			buildActionMask = 2147483647;
			files = (
			);
			runOnlyForDeploymentPostprocessing = 0;
		};
		4D04E7831C102F7C00A7DCE7 /* Frameworks */ = {
			isa = PBXFrameworksBuildPhase;
			buildActionMask = 2147483647;
			files = (
			);
			runOnlyForDeploymentPostprocessing = 0;
		};
		4D04E78E1C102F7C00A7DCE7 /* Frameworks */ = {
			isa = PBXFrameworksBuildPhase;
			buildActionMask = 2147483647;
			files = (
			);
			runOnlyForDeploymentPostprocessing = 0;
		};
/* End PBXFrameworksBuildPhase section */

/* Begin PBXGroup section */
		4D04E7641C102F7C00A7DCE7 = {
			isa = PBXGroup;
			children = (
				4D04E76F1C102F7C00A7DCE7 /* CourseList */,
				4D04E7891C102F7C00A7DCE7 /* CourseListTests */,
				4D04E7941C102F7C00A7DCE7 /* CourseListUITests */,
				4D04E76E1C102F7C00A7DCE7 /* Products */,
			);
			sourceTree = "<group>";
		};
		4D04E76E1C102F7C00A7DCE7 /* Products */ = {
			isa = PBXGroup;
			children = (
				4D04E76D1C102F7C00A7DCE7 /* CourseList.app */,
				4D04E7861C102F7C00A7DCE7 /* CourseListTests.xctest */,
				4D04E7911C102F7C00A7DCE7 /* CourseListUITests.xctest */,
			);
			name = Products;
			sourceTree = "<group>";
		};
		4D04E76F1C102F7C00A7DCE7 /* CourseList */ = {
			isa = PBXGroup;
			children = (
				4DE2B2451C15BBC10000695D /* GWPCourseListView */,
				4D04E7731C102F7C00A7DCE7 /* AppDelegate.h */,
				4D04E7741C102F7C00A7DCE7 /* AppDelegate.m */,
				4D04E7761C102F7C00A7DCE7 /* ViewController.h */,
				4D04E7771C102F7C00A7DCE7 /* ViewController.m */,
				4D04E7791C102F7C00A7DCE7 /* Main.storyboard */,
				4D04E77C1C102F7C00A7DCE7 /* Assets.xcassets */,
				4D04E77E1C102F7C00A7DCE7 /* LaunchScreen.storyboard */,
				4D04E7811C102F7C00A7DCE7 /* Info.plist */,
				4D04E7701C102F7C00A7DCE7 /* Supporting Files */,
				4DAF3C461C118F7100FE4396 /* CourseModel.h */,
				4DAF3C471C118F7100FE4396 /* CourseModel.m */,
			);
			path = CourseList;
			sourceTree = "<group>";
		};
		4D04E7701C102F7C00A7DCE7 /* Supporting Files */ = {
			isa = PBXGroup;
			children = (
				4D04E7711C102F7C00A7DCE7 /* main.m */,
			);
			name = "Supporting Files";
			sourceTree = "<group>";
		};
		4D04E7891C102F7C00A7DCE7 /* CourseListTests */ = {
			isa = PBXGroup;
			children = (
				4D04E78A1C102F7C00A7DCE7 /* CourseListTests.m */,
				4D04E78C1C102F7C00A7DCE7 /* Info.plist */,
			);
			path = CourseListTests;
			sourceTree = "<group>";
		};
		4D04E7941C102F7C00A7DCE7 /* CourseListUITests */ = {
			isa = PBXGroup;
			children = (
				4D04E7951C102F7C00A7DCE7 /* CourseListUITests.m */,
				4D04E7971C102F7C00A7DCE7 /* Info.plist */,
			);
			path = CourseListUITests;
			sourceTree = "<group>";
		};
		4DE2B2451C15BBC10000695D /* GWPCourseListView */ = {
			isa = PBXGroup;
			children = (
				4DE2B2461C15BBC10000695D /* GWPCourseListView.h */,
				4DE2B2471C15BBC10000695D /* GWPCourseListView.m */,
			);
			path = GWPCourseListView;
			sourceTree = "<group>";
		};
/* End PBXGroup section */

/* Begin PBXNativeTarget section */
		4D04E76C1C102F7C00A7DCE7 /* CourseList */ = {
			isa = PBXNativeTarget;
			buildConfigurationList = 4D04E79A1C102F7C00A7DCE7 /* Build configuration list for PBXNativeTarget "CourseList" */;
			buildPhases = (
				4D04E7691C102F7C00A7DCE7 /* Sources */,
				4D04E76A1C102F7C00A7DCE7 /* Frameworks */,
				4D04E76B1C102F7C00A7DCE7 /* Resources */,
			);
			buildRules = (
			);
			dependencies = (
			);
			name = CourseList;
			productName = CourseList;
			productReference = 4D04E76D1C102F7C00A7DCE7 /* CourseList.app */;
			productType = "com.apple.product-type.application";
		};
		4D04E7851C102F7C00A7DCE7 /* CourseListTests */ = {
			isa = PBXNativeTarget;
			buildConfigurationList = 4D04E79D1C102F7C00A7DCE7 /* Build configuration list for PBXNativeTarget "CourseListTests" */;
			buildPhases = (
				4D04E7821C102F7C00A7DCE7 /* Sources */,
				4D04E7831C102F7C00A7DCE7 /* Frameworks */,
				4D04E7841C102F7C00A7DCE7 /* Resources */,
			);
			buildRules = (
			);
			dependencies = (
				4D04E7881C102F7C00A7DCE7 /* PBXTargetDependency */,
			);
			name = CourseListTests;
			productName = CourseListTests;
			productReference = 4D04E7861C102F7C00A7DCE7 /* CourseListTests.xctest */;
			productType = "com.apple.product-type.bundle.unit-test";
		};
		4D04E7901C102F7C00A7DCE7 /* CourseListUITests */ = {
			isa = PBXNativeTarget;
			buildConfigurationList = 4D04E7A01C102F7C00A7DCE7 /* Build configuration list for PBXNativeTarget "CourseListUITests" */;
			buildPhases = (
				4D04E78D1C102F7C00A7DCE7 /* Sources */,
				4D04E78E1C102F7C00A7DCE7 /* Frameworks */,
				4D04E78F1C102F7C00A7DCE7 /* Resources */,
			);
			buildRules = (
			);
			dependencies = (
				4D04E7931C102F7C00A7DCE7 /* PBXTargetDependency */,
			);
			name = CourseListUITests;
			productName = CourseListUITests;
			productReference = 4D04E7911C102F7C00A7DCE7 /* CourseListUITests.xctest */;
			productType = "com.apple.product-type.bundle.ui-testing";
		};
/* End PBXNativeTarget section */

/* Begin PBXProject section */
		4D04E7651C102F7C00A7DCE7 /* Project object */ = {
			isa = PBXProject;
			attributes = {
				LastUpgradeCheck = 0710;
				ORGANIZATIONNAME = GanWenPeng;
				TargetAttributes = {
					4D04E76C1C102F7C00A7DCE7 = {
						CreatedOnToolsVersion = 7.1;
					};
					4D04E7851C102F7C00A7DCE7 = {
						CreatedOnToolsVersion = 7.1;
						TestTargetID = 4D04E76C1C102F7C00A7DCE7;
					};
					4D04E7901C102F7C00A7DCE7 = {
						CreatedOnToolsVersion = 7.1;
						TestTargetID = 4D04E76C1C102F7C00A7DCE7;
					};
				};
			};
			buildConfigurationList = 4D04E7681C102F7C00A7DCE7 /* Build configuration list for PBXProject "CourseList" */;
			compatibilityVersion = "Xcode 3.2";
			developmentRegion = English;
			hasScannedForEncodings = 0;
			knownRegions = (
				en,
				Base,
			);
			mainGroup = 4D04E7641C102F7C00A7DCE7;
			productRefGroup = 4D04E76E1C102F7C00A7DCE7 /* Products */;
			projectDirPath = "";
			projectRoot = "";
			targets = (
				4D04E76C1C102F7C00A7DCE7 /* CourseList */,
				4D04E7851C102F7C00A7DCE7 /* CourseListTests */,
				4D04E7901C102F7C00A7DCE7 /* CourseListUITests */,
			);
		};
/* End PBXProject section */

/* Begin PBXResourcesBuildPhase section */
		4D04E76B1C102F7C00A7DCE7 /* Resources */ = {
			isa = PBXResourcesBuildPhase;
			buildActionMask = 2147483647;
			files = (
				4D04E7801C102F7C00A7DCE7 /* LaunchScreen.storyboard in Resources */,
				4D04E77D1C102F7C00A7DCE7 /* Assets.xcassets in Resources */,
				4D04E77B1C102F7C00A7DCE7 /* Main.storyboard in Resources */,
			);
			runOnlyForDeploymentPostprocessing = 0;
		};
		4D04E7841C102F7C00A7DCE7 /* Resources */ = {
			isa = PBXResourcesBuildPhase;
			buildActionMask = 2147483647;
			files = (
			);
			runOnlyForDeploymentPostprocessing = 0;
		};
		4D04E78F1C102F7C00A7DCE7 /* Resources */ = {
			isa = PBXResourcesBuildPhase;
			buildActionMask = 2147483647;
			files = (
			);
			runOnlyForDeploymentPostprocessing = 0;
		};
/* End PBXResourcesBuildPhase section */

/* Begin PBXSourcesBuildPhase section */
		4D04E7691C102F7C00A7DCE7 /* Sources */ = {
			isa = PBXSourcesBuildPhase;
			buildActionMask = 2147483647;
			files = (
				4DE2B2481C15BBC10000695D /* GWPCourseListView.m in Sources */,
				4D04E7781C102F7C00A7DCE7 /* ViewController.m in Sources */,
				4DAF3C481C118F7100FE4396 /* CourseModel.m in Sources */,
				4D04E7751C102F7C00A7DCE7 /* AppDelegate.m in Sources */,
				4D04E7721C102F7C00A7DCE7 /* main.m in Sources */,
			);
			runOnlyForDeploymentPostprocessing = 0;
		};
		4D04E7821C102F7C00A7DCE7 /* Sources */ = {
			isa = PBXSourcesBuildPhase;
			buildActionMask = 2147483647;
			files = (
				4D04E78B1C102F7C00A7DCE7 /* CourseListTests.m in Sources */,
			);
			runOnlyForDeploymentPostprocessing = 0;
		};
		4D04E78D1C102F7C00A7DCE7 /* Sources */ = {
			isa = PBXSourcesBuildPhase;
			buildActionMask = 2147483647;
			files = (
				4D04E7961C102F7C00A7DCE7 /* CourseListUITests.m in Sources */,
			);
			runOnlyForDeploymentPostprocessing = 0;
		};
/* End PBXSourcesBuildPhase section */

/* Begin PBXTargetDependency section */
		4D04E7881C102F7C00A7DCE7 /* PBXTargetDependency */ = {
			isa = PBXTargetDependency;
			target = 4D04E76C1C102F7C00A7DCE7 /* CourseList */;
			targetProxy = 4D04E7871C102F7C00A7DCE7 /* PBXContainerItemProxy */;
		};
		4D04E7931C102F7C00A7DCE7 /* PBXTargetDependency */ = {
			isa = PBXTargetDependency;
			target = 4D04E76C1C102F7C00A7DCE7 /* CourseList */;
			targetProxy = 4D04E7921C102F7C00A7DCE7 /* PBXContainerItemProxy */;
		};
/* End PBXTargetDependency section */

/* Begin PBXVariantGroup section */
		4D04E7791C102F7C00A7DCE7 /* Main.storyboard */ = {
			isa = PBXVariantGroup;
			children = (
				4D04E77A1C102F7C00A7DCE7 /* Base */,
			);
			name = Main.storyboard;
			sourceTree = "<group>";
		};
		4D04E77E1C102F7C00A7DCE7 /* LaunchScreen.storyboard */ = {
			isa = PBXVariantGroup;
			children = (
				4D04E77F1C102F7C00A7DCE7 /* Base */,
			);
			name = LaunchScreen.storyboard;
			sourceTree = "<group>";
		};
/* End PBXVariantGroup section */

/* Begin XCBuildConfiguration section */
		4D04E7981C102F7C00A7DCE7 /* Debug */ = {
			isa = XCBuildConfiguration;
			buildSettings = {
				ALWAYS_SEARCH_USER_PATHS = NO;
				CLANG_CXX_LANGUAGE_STANDARD = "gnu++0x";
				CLANG_CXX_LIBRARY = "libc++";
				CLANG_ENABLE_MODULES = YES;
				CLANG_ENABLE_OBJC_ARC = YES;
				CLANG_WARN_BOOL_CONVERSION = YES;
				CLANG_WARN_CONSTANT_CONVERSION = YES;
				CLANG_WARN_DIRECT_OBJC_ISA_USAGE = YES_ERROR;
				CLANG_WARN_EMPTY_BODY = YES;
				CLANG_WARN_ENUM_CONVERSION = YES;
				CLANG_WARN_INT_CONVERSION = YES;
				CLANG_WARN_OBJC_ROOT_CLASS = YES_ERROR;
				CLANG_WARN_UNREACHABLE_CODE = YES;
				CLANG_WARN__DUPLICATE_METHOD_MATCH = YES;
				"CODE_SIGN_IDENTITY[sdk=iphoneos*]" = "iPhone Developer";
				COPY_PHASE_STRIP = NO;
				DEBUG_INFORMATION_FORMAT = dwarf;
				ENABLE_STRICT_OBJC_MSGSEND = YES;
				ENABLE_TESTABILITY = YES;
				GCC_C_LANGUAGE_STANDARD = gnu99;
				GCC_DYNAMIC_NO_PIC = NO;
				GCC_NO_COMMON_BLOCKS = YES;
				GCC_OPTIMIZATION_LEVEL = 0;
				GCC_PREPROCESSOR_DEFINITIONS = (
					"DEBUG=1",
					"$(inherited)",
				);
				GCC_WARN_64_TO_32_BIT_CONVERSION = YES;
				GCC_WARN_ABOUT_RETURN_TYPE = YES_ERROR;
				GCC_WARN_UNDECLARED_SELECTOR = YES;
				GCC_WARN_UNINITIALIZED_AUTOS = YES_AGGRESSIVE;
				GCC_WARN_UNUSED_FUNCTION = YES;
				GCC_WARN_UNUSED_VARIABLE = YES;
				IPHONEOS_DEPLOYMENT_TARGET = 9.1;
				MTL_ENABLE_DEBUG_INFO = YES;
				ONLY_ACTIVE_ARCH = YES;
				SDKROOT = iphoneos;
				TARGETED_DEVICE_FAMILY = "1,2";
			};
			name = Debug;
		};
		4D04E7991C102F7C00A7DCE7 /* Release */ = {
			isa = XCBuildConfiguration;
			buildSettings = {
				ALWAYS_SEARCH_USER_PATHS = NO;
				CLANG_CXX_LANGUAGE_STANDARD = "gnu++0x";
				CLANG_CXX_LIBRARY = "libc++";
				CLANG_ENABLE_MODULES = YES;
				CLANG_ENABLE_OBJC_ARC = YES;
				CLANG_WARN_BOOL_CONVERSION = YES;
				CLANG_WARN_CONSTANT_CONVERSION = YES;
				CLANG_WARN_DIRECT_OBJC_ISA_USAGE = YES_ERROR;
				CLANG_WARN_EMPTY_BODY = YES;
				CLANG_WARN_ENUM_CONVERSION = YES;
				CLANG_WARN_INT_CONVERSION = YES;
				CLANG_WARN_OBJC_ROOT_CLASS = YES_ERROR;
				CLANG_WARN_UNREACHABLE_CODE = YES;
				CLANG_WARN__DUPLICATE_METHOD_MATCH = YES;
				"CODE_SIGN_IDENTITY[sdk=iphoneos*]" = "iPhone Developer";
				COPY_PHASE_STRIP = NO;
				DEBUG_INFORMATION_FORMAT = "dwarf-with-dsym";
				ENABLE_NS_ASSERTIONS = NO;
				ENABLE_STRICT_OBJC_MSGSEND = YES;
				GCC_C_LANGUAGE_STANDARD = gnu99;
				GCC_NO_COMMON_BLOCKS = YES;
				GCC_WARN_64_TO_32_BIT_CONVERSION = YES;
				GCC_WARN_ABOUT_RETURN_TYPE = YES_ERROR;
				GCC_WARN_UNDECLARED_SELECTOR = YES;
				GCC_WARN_UNINITIALIZED_AUTOS = YES_AGGRESSIVE;
				GCC_WARN_UNUSED_FUNCTION = YES;
				GCC_WARN_UNUSED_VARIABLE = YES;
				IPHONEOS_DEPLOYMENT_TARGET = 9.1;
				MTL_ENABLE_DEBUG_INFO = NO;
				SDKROOT = iphoneos;
				TARGETED_DEVICE_FAMILY = "1,2";
				VALIDATE_PRODUCT = YES;
			};
			name = Release;
		};
		4D04E79B1C102F7C00A7DCE7 /* Debug */ = {
			isa = XCBuildConfiguration;
			buildSettings = {
				ASSETCATALOG_COMPILER_APPICON_NAME = AppIcon;
				INFOPLIST_FILE = CourseList/Info.plist;
				LD_RUNPATH_SEARCH_PATHS = "$(inherited) @executable_path/Frameworks";
				PRODUCT_BUNDLE_IDENTIFIER = com.gwp.CourseList;
				PRODUCT_NAME = "$(TARGET_NAME)";
			};
			name = Debug;
		};
		4D04E79C1C102F7C00A7DCE7 /* Release */ = {
			isa = XCBuildConfiguration;
			buildSettings = {
				ASSETCATALOG_COMPILER_APPICON_NAME = AppIcon;
				INFOPLIST_FILE = CourseList/Info.plist;
				LD_RUNPATH_SEARCH_PATHS = "$(inherited) @executable_path/Frameworks";
				PRODUCT_BUNDLE_IDENTIFIER = com.gwp.CourseList;
				PRODUCT_NAME = "$(TARGET_NAME)";
			};
			name = Release;
		};
		4D04E79E1C102F7C00A7DCE7 /* Debug */ = {
			isa = XCBuildConfiguration;
			buildSettings = {
				BUNDLE_LOADER = "$(TEST_HOST)";
				INFOPLIST_FILE = CourseListTests/Info.plist;
				LD_RUNPATH_SEARCH_PATHS = "$(inherited) @executable_path/Frameworks @loader_path/Frameworks";
				PRODUCT_BUNDLE_IDENTIFIER = com.gwp.CourseListTests;
				PRODUCT_NAME = "$(TARGET_NAME)";
				TEST_HOST = "$(BUILT_PRODUCTS_DIR)/CourseList.app/CourseList";
			};
			name = Debug;
		};
		4D04E79F1C102F7C00A7DCE7 /* Release */ = {
			isa = XCBuildConfiguration;
			buildSettings = {
				BUNDLE_LOADER = "$(TEST_HOST)";
				INFOPLIST_FILE = CourseListTests/Info.plist;
				LD_RUNPATH_SEARCH_PATHS = "$(inherited) @executable_path/Frameworks @loader_path/Frameworks";
				PRODUCT_BUNDLE_IDENTIFIER = com.gwp.CourseListTests;
				PRODUCT_NAME = "$(TARGET_NAME)";
				TEST_HOST = "$(BUILT_PRODUCTS_DIR)/CourseList.app/CourseList";
			};
			name = Release;
		};
		4D04E7A11C102F7C00A7DCE7 /* Debug */ = {
			isa = XCBuildConfiguration;
			buildSettings = {
				INFOPLIST_FILE = CourseListUITests/Info.plist;
				LD_RUNPATH_SEARCH_PATHS = "$(inherited) @executable_path/Frameworks @loader_path/Frameworks";
				PRODUCT_BUNDLE_IDENTIFIER = com.gwp.CourseListUITests;
				PRODUCT_NAME = "$(TARGET_NAME)";
				TEST_TARGET_NAME = CourseList;
				USES_XCTRUNNER = YES;
			};
			name = Debug;
		};
		4D04E7A21C102F7C00A7DCE7 /* Release */ = {
			isa = XCBuildConfiguration;
			buildSettings = {
				INFOPLIST_FILE = CourseListUITests/Info.plist;
				LD_RUNPATH_SEARCH_PATHS = "$(inherited) @executable_path/Frameworks @loader_path/Frameworks";
				PRODUCT_BUNDLE_IDENTIFIER = com.gwp.CourseListUITests;
				PRODUCT_NAME = "$(TARGET_NAME)";
				TEST_TARGET_NAME = CourseList;
				USES_XCTRUNNER = YES;
			};
			name = Release;
		};
/* End XCBuildConfiguration section */

/* Begin XCConfigurationList section */
		4D04E7681C102F7C00A7DCE7 /* Build configuration list for PBXProject "CourseList" */ = {
			isa = XCConfigurationList;
			buildConfigurations = (
				4D04E7981C102F7C00A7DCE7 /* Debug */,
				4D04E7991C102F7C00A7DCE7 /* Release */,
			);
			defaultConfigurationIsVisible = 0;
			defaultConfigurationName = Release;
		};
		4D04E79A1C102F7C00A7DCE7 /* Build configuration list for PBXNativeTarget "CourseList" */ = {
			isa = XCConfigurationList;
			buildConfigurations = (
				4D04E79B1C102F7C00A7DCE7 /* Debug */,
				4D04E79C1C102F7C00A7DCE7 /* Release */,
			);
			defaultConfigurationIsVisible = 0;
			defaultConfigurationName = Release;
		};
		4D04E79D1C102F7C00A7DCE7 /* Build configuration list for PBXNativeTarget "CourseListTests" */ = {
			isa = XCConfigurationList;
			buildConfigurations = (
				4D04E79E1C102F7C00A7DCE7 /* Debug */,
				4D04E79F1C102F7C00A7DCE7 /* Release */,
			);
			defaultConfigurationIsVisible = 0;
			defaultConfigurationName = Release;
		};
		4D04E7A01C102F7C00A7DCE7 /* Build configuration list for PBXNativeTarget "CourseListUITests" */ = {
			isa = XCConfigurationList;
			buildConfigurations = (
				4D04E7A11C102F7C00A7DCE7 /* Debug */,
				4D04E7A21C102F7C00A7DCE7 /* Release */,
			);
			defaultConfigurationIsVisible = 0;
			defaultConfigurationName = Release;
		};
/* End XCConfigurationList section */
	};
	rootObject = 4D04E7651C102F7C00A7DCE7 /* Project object */;
}
